
Microsoft Visual Studio Solution File, Format Version 12.00
# Visual Studio Version 16
VisualStudioVersion = 16.0.31112.23
MinimumVisualStudioVersion = 10.0.40219.1
Project("{FAE04EC0-301F-11D3-BF4B-00C04F79EFBC}") = "pageacademy", "pageacademy\pageacademy.csproj", "{67D51A87-9D93-4B68-AC56-618625614ED8}"
EndProject
Global
	GlobalSection(SolutionConfigurationPlatforms) = preSolution
		Debug|Any CPU = Debug|Any CPU
		Release|Any CPU = Release|Any CPU
	EndGlobalSection
	GlobalSection(ProjectConfigurationPlatforms) = postSolution
		{67D51A87-9D93-4B68-AC56-618625614ED8}.Debug|Any CPU.ActiveCfg = Debug|Any CPU
		{67D51A87-9D93-4B68-AC56-618625614ED8}.Debug|Any CPU.Build.0 = Debug|Any CPU
		{67D51A87-9D93-4B68-AC56-618625614ED8}.Release|Any CPU.ActiveCfg = Release|Any CPU
		{67D51A87-9D93-4B68-AC56-618625614ED8}.Release|Any CPU.Build.0 = Release|Any CPU
	EndGlobalSection
	GlobalSection(SolutionProperties) = preSolution
		HideSolutionNode = FALSE
	EndGlobalSection
	GlobalSection(ExtensibilityGlobals) = postSolution
		SolutionGuid = {9C4316C1-23BE-468D-9115-F6FDDCAEF0E1}
	EndGlobalSection
EndGlobal
